// !$*UTF8*$!
{
	archiveVersion = 1;
	classes = {
	};
	objectVersion = 51;
	objects = {

/* Begin PBXBuildFile section */
		31F8FCA8FDDBCD4B9B7944BA /* Pods_GreenScreen.framework in Frameworks */ = {isa = PBXBuildFile; fileRef = DBD04A2F9E89EF7C3B89EEF5 /* Pods_GreenScreen.framework */; };
		53106D502610FE030009D439 /* AppDelegate.swift in Sources */ = {isa = PBXBuildFile; fileRef = 53106D4F2610FE030009D439 /* AppDelegate.swift */; };
		53106D522610FE030009D439 /* SceneDelegate.swift in Sources */ = {isa = PBXBuildFile; fileRef = 53106D512610FE030009D439 /* SceneDelegate.swift */; };
		53106D572610FE030009D439 /* Main.storyboard in Resources */ = {isa = PBXBuildFile; fileRef = 53106D552610FE030009D439 /* Main.storyboard */; };
		53106D592610FE050009D439 /* Assets.xcassets in Resources */ = {isa = PBXBuildFile; fileRef = 53106D582610FE050009D439 /* Assets.xcassets */; };
		53106D5C2610FE050009D439 /* LaunchScreen.storyboard in Resources */ = {isa = PBXBuildFile; fileRef = 53106D5A2610FE050009D439 /* LaunchScreen.storyboard */; };
		53106D672610FE050009D439 /* GreenScreenTests.swift in Sources */ = {isa = PBXBuildFile; fileRef = 53106D662610FE050009D439 /* GreenScreenTests.swift */; };
		53106D722610FE050009D439 /* GreenScreenUITests.swift in Sources */ = {isa = PBXBuildFile; fileRef = 53106D712610FE050009D439 /* GreenScreenUITests.swift */; };
		53669D8C2618F47B003EF161 /* LoginViewController.swift in Sources */ = {isa = PBXBuildFile; fileRef = 53669D8B2618F47B003EF161 /* LoginViewController.swift */; };
		53669D912618F497003EF161 /* FeedViewController.swift in Sources */ = {isa = PBXBuildFile; fileRef = 53669D902618F497003EF161 /* FeedViewController.swift */; };
		7670CF96261A2DBF00681B2F /* SettingsViewController.swift in Sources */ = {isa = PBXBuildFile; fileRef = 7670CF95261A2DBF00681B2F /* SettingsViewController.swift */; };
		76F05C322620CCDA00CBC484 /* ChangeProfileViewController.swift in Sources */ = {isa = PBXBuildFile; fileRef = 76F05C312620CCDA00CBC484 /* ChangeProfileViewController.swift */; };
		76F05C372620CCE600CBC484 /* AddFriendsViewController.swift in Sources */ = {isa = PBXBuildFile; fileRef = 76F05C362620CCE600CBC484 /* AddFriendsViewController.swift */; };
		7EDB1026928DB67AB156399B /* Pods_GreenScreen_GreenScreenUITests.framework in Frameworks */ = {isa = PBXBuildFile; fileRef = 514FA9B6527216C8298B023F /* Pods_GreenScreen_GreenScreenUITests.framework */; };
		8B2EAF062622321D00CD01A9 /* iOSDevCenters+GIF.swift in Sources */ = {isa = PBXBuildFile; fileRef = 8B2EAF052622321D00CD01A9 /* iOSDevCenters+GIF.swift */; };
		8B2EAF122623826D00CD01A9 /* helper.swift in Sources */ = {isa = PBXBuildFile; fileRef = 8B2EAF112623826D00CD01A9 /* helper.swift */; };
		8BA367112623C9AF008F9D37 /* TimerViewController.swift in Sources */ = {isa = PBXBuildFile; fileRef = 8BA367102623C9AF008F9D37 /* TimerViewController.swift */; };
		A630EC6D262A8C51B43731FD /* Pods_GreenScreenTests.framework in Frameworks */ = {isa = PBXBuildFile; fileRef = 922B017FA16D4AF836F1AD4A /* Pods_GreenScreenTests.framework */; };
/* End PBXBuildFile section */

/* Begin PBXContainerItemProxy section */
		53106D632610FE050009D439 /* PBXContainerItemProxy */ = {
			isa = PBXContainerItemProxy;
			containerPortal = 53106D442610FE030009D439 /* Project object */;
			proxyType = 1;
			remoteGlobalIDString = 53106D4B2610FE030009D439;
			remoteInfo = GreenScreen;
		};
		53106D6E2610FE050009D439 /* PBXContainerItemProxy */ = {
			isa = PBXContainerItemProxy;
			containerPortal = 53106D442610FE030009D439 /* Project object */;
			proxyType = 1;
			remoteGlobalIDString = 53106D4B2610FE030009D439;
			remoteInfo = GreenScreen;
		};
/* End PBXContainerItemProxy section */

/* Begin PBXFileReference section */
		238073A4EFA58E73B4C7FDB1 /* Pods-GreenScreen.release.xcconfig */ = {isa = PBXFileReference; includeInIndex = 1; lastKnownFileType = text.xcconfig; name = "Pods-GreenScreen.release.xcconfig"; path = "Target Support Files/Pods-GreenScreen/Pods-GreenScreen.release.xcconfig"; sourceTree = "<group>"; };
		514FA9B6527216C8298B023F /* Pods_GreenScreen_GreenScreenUITests.framework */ = {isa = PBXFileReference; explicitFileType = wrapper.framework; includeInIndex = 0; path = Pods_GreenScreen_GreenScreenUITests.framework; sourceTree = BUILT_PRODUCTS_DIR; };
		53106D4C2610FE030009D439 /* GreenScreen.app */ = {isa = PBXFileReference; explicitFileType = wrapper.application; includeInIndex = 0; path = GreenScreen.app; sourceTree = BUILT_PRODUCTS_DIR; };
		53106D4F2610FE030009D439 /* AppDelegate.swift */ = {isa = PBXFileReference; lastKnownFileType = sourcecode.swift; path = AppDelegate.swift; sourceTree = "<group>"; };
		53106D512610FE030009D439 /* SceneDelegate.swift */ = {isa = PBXFileReference; lastKnownFileType = sourcecode.swift; path = SceneDelegate.swift; sourceTree = "<group>"; };
		53106D562610FE030009D439 /* Base */ = {isa = PBXFileReference; lastKnownFileType = file.storyboard; name = Base; path = Base.lproj/Main.storyboard; sourceTree = "<group>"; };
		53106D582610FE050009D439 /* Assets.xcassets */ = {isa = PBXFileReference; lastKnownFileType = folder.assetcatalog; path = Assets.xcassets; sourceTree = "<group>"; };
		53106D5B2610FE050009D439 /* Base */ = {isa = PBXFileReference; lastKnownFileType = file.storyboard; name = Base; path = Base.lproj/LaunchScreen.storyboard; sourceTree = "<group>"; };
		53106D5D2610FE050009D439 /* Info.plist */ = {isa = PBXFileReference; lastKnownFileType = text.plist.xml; path = Info.plist; sourceTree = "<group>"; };
		53106D622610FE050009D439 /* GreenScreenTests.xctest */ = {isa = PBXFileReference; explicitFileType = wrapper.cfbundle; includeInIndex = 0; path = GreenScreenTests.xctest; sourceTree = BUILT_PRODUCTS_DIR; };
		53106D662610FE050009D439 /* GreenScreenTests.swift */ = {isa = PBXFileReference; lastKnownFileType = sourcecode.swift; path = GreenScreenTests.swift; sourceTree = "<group>"; };
		53106D682610FE050009D439 /* Info.plist */ = {isa = PBXFileReference; lastKnownFileType = text.plist.xml; path = Info.plist; sourceTree = "<group>"; };
		53106D6D2610FE050009D439 /* GreenScreenUITests.xctest */ = {isa = PBXFileReference; explicitFileType = wrapper.cfbundle; includeInIndex = 0; path = GreenScreenUITests.xctest; sourceTree = BUILT_PRODUCTS_DIR; };
		53106D712610FE050009D439 /* GreenScreenUITests.swift */ = {isa = PBXFileReference; lastKnownFileType = sourcecode.swift; path = GreenScreenUITests.swift; sourceTree = "<group>"; };
		53106D732610FE050009D439 /* Info.plist */ = {isa = PBXFileReference; lastKnownFileType = text.plist.xml; path = Info.plist; sourceTree = "<group>"; };
		53669D8B2618F47B003EF161 /* LoginViewController.swift */ = {isa = PBXFileReference; lastKnownFileType = sourcecode.swift; path = LoginViewController.swift; sourceTree = "<group>"; };
		53669D902618F497003EF161 /* FeedViewController.swift */ = {isa = PBXFileReference; lastKnownFileType = sourcecode.swift; path = FeedViewController.swift; sourceTree = "<group>"; };
		7670CF95261A2DBF00681B2F /* SettingsViewController.swift */ = {isa = PBXFileReference; lastKnownFileType = sourcecode.swift; path = SettingsViewController.swift; sourceTree = "<group>"; };
		76F05C312620CCDA00CBC484 /* ChangeProfileViewController.swift */ = {isa = PBXFileReference; lastKnownFileType = sourcecode.swift; path = ChangeProfileViewController.swift; sourceTree = "<group>"; };
		76F05C362620CCE600CBC484 /* AddFriendsViewController.swift */ = {isa = PBXFileReference; lastKnownFileType = sourcecode.swift; path = AddFriendsViewController.swift; sourceTree = "<group>"; };
		8517A031ED7E9BD2E3C4C43D /* Pods-GreenScreen.debug.xcconfig */ = {isa = PBXFileReference; includeInIndex = 1; lastKnownFileType = text.xcconfig; name = "Pods-GreenScreen.debug.xcconfig"; path = "Target Support Files/Pods-GreenScreen/Pods-GreenScreen.debug.xcconfig"; sourceTree = "<group>"; };
		8B2EAF052622321D00CD01A9 /* iOSDevCenters+GIF.swift */ = {isa = PBXFileReference; fileEncoding = 4; lastKnownFileType = sourcecode.swift; path = "iOSDevCenters+GIF.swift"; sourceTree = SOURCE_ROOT; };
		8B2EAF112623826D00CD01A9 /* helper.swift */ = {isa = PBXFileReference; lastKnownFileType = sourcecode.swift; path = helper.swift; sourceTree = "<group>"; };
		8BA367102623C9AF008F9D37 /* TimerViewController.swift */ = {isa = PBXFileReference; lastKnownFileType = sourcecode.swift; path = TimerViewController.swift; sourceTree = "<group>"; };
		90FDCFC62BB64F3A7DE1AB12 /* Pods-GreenScreenTests.release.xcconfig */ = {isa = PBXFileReference; includeInIndex = 1; lastKnownFileType = text.xcconfig; name = "Pods-GreenScreenTests.release.xcconfig"; path = "Target Support Files/Pods-GreenScreenTests/Pods-GreenScreenTests.release.xcconfig"; sourceTree = "<group>"; };
		922B017FA16D4AF836F1AD4A /* Pods_GreenScreenTests.framework */ = {isa = PBXFileReference; explicitFileType = wrapper.framework; includeInIndex = 0; path = Pods_GreenScreenTests.framework; sourceTree = BUILT_PRODUCTS_DIR; };
		C2994E5B059E30F0745CCB24 /* Pods-GreenScreen-GreenScreenUITests.debug.xcconfig */ = {isa = PBXFileReference; includeInIndex = 1; lastKnownFileType = text.xcconfig; name = "Pods-GreenScreen-GreenScreenUITests.debug.xcconfig"; path = "Target Support Files/Pods-GreenScreen-GreenScreenUITests/Pods-GreenScreen-GreenScreenUITests.debug.xcconfig"; sourceTree = "<group>"; };
		C94A488CB5FB6C70896926DA /* Pods-GreenScreenTests.debug.xcconfig */ = {isa = PBXFileReference; includeInIndex = 1; lastKnownFileType = text.xcconfig; name = "Pods-GreenScreenTests.debug.xcconfig"; path = "Target Support Files/Pods-GreenScreenTests/Pods-GreenScreenTests.debug.xcconfig"; sourceTree = "<group>"; };
		D841E4DE4354E58A7B9419D6 /* Pods-GreenScreen-GreenScreenUITests.release.xcconfig */ = {isa = PBXFileReference; includeInIndex = 1; lastKnownFileType = text.xcconfig; name = "Pods-GreenScreen-GreenScreenUITests.release.xcconfig"; path = "Target Support Files/Pods-GreenScreen-GreenScreenUITests/Pods-GreenScreen-GreenScreenUITests.release.xcconfig"; sourceTree = "<group>"; };
		DBD04A2F9E89EF7C3B89EEF5 /* Pods_GreenScreen.framework */ = {isa = PBXFileReference; explicitFileType = wrapper.framework; includeInIndex = 0; path = Pods_GreenScreen.framework; sourceTree = BUILT_PRODUCTS_DIR; };
/* End PBXFileReference section */

/* Begin PBXFrameworksBuildPhase section */
		53106D492610FE030009D439 /* Frameworks */ = {
			isa = PBXFrameworksBuildPhase;
			buildActionMask = 2147483647;
			files = (
				31F8FCA8FDDBCD4B9B7944BA /* Pods_GreenScreen.framework in Frameworks */,
			);
			runOnlyForDeploymentPostprocessing = 0;
		};
		53106D5F2610FE050009D439 /* Frameworks */ = {
			isa = PBXFrameworksBuildPhase;
			buildActionMask = 2147483647;
			files = (
				A630EC6D262A8C51B43731FD /* Pods_GreenScreenTests.framework in Frameworks */,
			);
			runOnlyForDeploymentPostprocessing = 0;
		};
		53106D6A2610FE050009D439 /* Frameworks */ = {
			isa = PBXFrameworksBuildPhase;
			buildActionMask = 2147483647;
			files = (
				7EDB1026928DB67AB156399B /* Pods_GreenScreen_GreenScreenUITests.framework in Frameworks */,
			);
			runOnlyForDeploymentPostprocessing = 0;
		};
/* End PBXFrameworksBuildPhase section */

/* Begin PBXGroup section */
		53106D432610FE030009D439 = {
			isa = PBXGroup;
			children = (
				8B2EAF112623826D00CD01A9 /* helper.swift */,
				53106D4E2610FE030009D439 /* GreenScreen */,
				53106D652610FE050009D439 /* GreenScreenTests */,
				53106D702610FE050009D439 /* GreenScreenUITests */,
				53106D4D2610FE030009D439 /* Products */,
				A6DFA835D1C2F3C1B23F17BC /* Pods */,
				9865F9AD420468FACDA2FF68 /* Frameworks */,
			);
			sourceTree = "<group>";
		};
		53106D4D2610FE030009D439 /* Products */ = {
			isa = PBXGroup;
			children = (
				53106D4C2610FE030009D439 /* GreenScreen.app */,
				53106D622610FE050009D439 /* GreenScreenTests.xctest */,
				53106D6D2610FE050009D439 /* GreenScreenUITests.xctest */,
			);
			name = Products;
			sourceTree = "<group>";
		};
		53106D4E2610FE030009D439 /* GreenScreen */ = {
			isa = PBXGroup;
			children = (
				53106D4F2610FE030009D439 /* AppDelegate.swift */,
				53106D512610FE030009D439 /* SceneDelegate.swift */,
				53106D552610FE030009D439 /* Main.storyboard */,
				8B2EAF052622321D00CD01A9 /* iOSDevCenters+GIF.swift */,
				53106D582610FE050009D439 /* Assets.xcassets */,
				8BA367102623C9AF008F9D37 /* TimerViewController.swift */,
				53106D5A2610FE050009D439 /* LaunchScreen.storyboard */,
				53106D5D2610FE050009D439 /* Info.plist */,
				53669D8B2618F47B003EF161 /* LoginViewController.swift */,
				53669D902618F497003EF161 /* FeedViewController.swift */,
				7670CF95261A2DBF00681B2F /* SettingsViewController.swift */,
				76F05C312620CCDA00CBC484 /* ChangeProfileViewController.swift */,
				76F05C362620CCE600CBC484 /* AddFriendsViewController.swift */,
			);
			path = GreenScreen;
			sourceTree = "<group>";
		};
		53106D652610FE050009D439 /* GreenScreenTests */ = {
			isa = PBXGroup;
			children = (
				53106D662610FE050009D439 /* GreenScreenTests.swift */,
				53106D682610FE050009D439 /* Info.plist */,
			);
			path = GreenScreenTests;
			sourceTree = "<group>";
		};
		53106D702610FE050009D439 /* GreenScreenUITests */ = {
			isa = PBXGroup;
			children = (
				53106D712610FE050009D439 /* GreenScreenUITests.swift */,
				53106D732610FE050009D439 /* Info.plist */,
			);
			path = GreenScreenUITests;
			sourceTree = "<group>";
		};
		9865F9AD420468FACDA2FF68 /* Frameworks */ = {
			isa = PBXGroup;
			children = (
				DBD04A2F9E89EF7C3B89EEF5 /* Pods_GreenScreen.framework */,
				514FA9B6527216C8298B023F /* Pods_GreenScreen_GreenScreenUITests.framework */,
				922B017FA16D4AF836F1AD4A /* Pods_GreenScreenTests.framework */,
			);
			name = Frameworks;
			sourceTree = "<group>";
		};
		A6DFA835D1C2F3C1B23F17BC /* Pods */ = {
			isa = PBXGroup;
			children = (
				8517A031ED7E9BD2E3C4C43D /* Pods-GreenScreen.debug.xcconfig */,
				238073A4EFA58E73B4C7FDB1 /* Pods-GreenScreen.release.xcconfig */,
				C2994E5B059E30F0745CCB24 /* Pods-GreenScreen-GreenScreenUITests.debug.xcconfig */,
				D841E4DE4354E58A7B9419D6 /* Pods-GreenScreen-GreenScreenUITests.release.xcconfig */,
				C94A488CB5FB6C70896926DA /* Pods-GreenScreenTests.debug.xcconfig */,
				90FDCFC62BB64F3A7DE1AB12 /* Pods-GreenScreenTests.release.xcconfig */,
			);
			path = Pods;
			sourceTree = "<group>";
		};
/* End PBXGroup section */

/* Begin PBXNativeTarget section */
		53106D4B2610FE030009D439 /* GreenScreen */ = {
			isa = PBXNativeTarget;
			buildConfigurationList = 53106D762610FE050009D439 /* Build configuration list for PBXNativeTarget "GreenScreen" */;
			buildPhases = (
				CF18CEB432020D0D196189BF /* [CP] Check Pods Manifest.lock */,
				53106D482610FE030009D439 /* Sources */,
				53106D492610FE030009D439 /* Frameworks */,
				53106D4A2610FE030009D439 /* Resources */,
				3881604506CDF091671F293A /* [CP] Embed Pods Frameworks */,
			);
			buildRules = (
			);
			dependencies = (
			);
			name = GreenScreen;
			productName = GreenScreen;
			productReference = 53106D4C2610FE030009D439 /* GreenScreen.app */;
			productType = "com.apple.product-type.application";
		};
		53106D612610FE050009D439 /* GreenScreenTests */ = {
			isa = PBXNativeTarget;
			buildConfigurationList = 53106D792610FE050009D439 /* Build configuration list for PBXNativeTarget "GreenScreenTests" */;
			buildPhases = (
				BD5C70EE5ED5B4FCF47CE38B /* [CP] Check Pods Manifest.lock */,
				53106D5E2610FE050009D439 /* Sources */,
				53106D5F2610FE050009D439 /* Frameworks */,
				53106D602610FE050009D439 /* Resources */,
			);
			buildRules = (
			);
			dependencies = (
				53106D642610FE050009D439 /* PBXTargetDependency */,
			);
			name = GreenScreenTests;
			productName = GreenScreenTests;
			productReference = 53106D622610FE050009D439 /* GreenScreenTests.xctest */;
			productType = "com.apple.product-type.bundle.unit-test";
		};
		53106D6C2610FE050009D439 /* GreenScreenUITests */ = {
			isa = PBXNativeTarget;
			buildConfigurationList = 53106D7C2610FE050009D439 /* Build configuration list for PBXNativeTarget "GreenScreenUITests" */;
			buildPhases = (
				1FBBE5F6594DFA474B674038 /* [CP] Check Pods Manifest.lock */,
				53106D692610FE050009D439 /* Sources */,
				53106D6A2610FE050009D439 /* Frameworks */,
				53106D6B2610FE050009D439 /* Resources */,
				7E03AAD77EE46C4B7505B085 /* [CP] Embed Pods Frameworks */,
			);
			buildRules = (
			);
			dependencies = (
				53106D6F2610FE050009D439 /* PBXTargetDependency */,
			);
			name = GreenScreenUITests;
			productName = GreenScreenUITests;
			productReference = 53106D6D2610FE050009D439 /* GreenScreenUITests.xctest */;
			productType = "com.apple.product-type.bundle.ui-testing";
		};
/* End PBXNativeTarget section */

/* Begin PBXProject section */
		53106D442610FE030009D439 /* Project object */ = {
			isa = PBXProject;
			attributes = {
				LastSwiftUpdateCheck = 1240;
				LastUpgradeCheck = 1240;
				TargetAttributes = {
					53106D4B2610FE030009D439 = {
						CreatedOnToolsVersion = 12.4;
					};
					53106D612610FE050009D439 = {
						CreatedOnToolsVersion = 12.4;
						TestTargetID = 53106D4B2610FE030009D439;
					};
					53106D6C2610FE050009D439 = {
						CreatedOnToolsVersion = 12.4;
						TestTargetID = 53106D4B2610FE030009D439;
					};
				};
			};
			buildConfigurationList = 53106D472610FE030009D439 /* Build configuration list for PBXProject "GreenScreen" */;
			compatibilityVersion = "Xcode 9.3";
			developmentRegion = en;
			hasScannedForEncodings = 0;
			knownRegions = (
				en,
				Base,
			);
			mainGroup = 53106D432610FE030009D439;
			productRefGroup = 53106D4D2610FE030009D439 /* Products */;
			projectDirPath = "";
			projectRoot = "";
			targets = (
				53106D4B2610FE030009D439 /* GreenScreen */,
				53106D612610FE050009D439 /* GreenScreenTests */,
				53106D6C2610FE050009D439 /* GreenScreenUITests */,
			);
		};
/* End PBXProject section */

/* Begin PBXResourcesBuildPhase section */
		53106D4A2610FE030009D439 /* Resources */ = {
			isa = PBXResourcesBuildPhase;
			buildActionMask = 2147483647;
			files = (
				53106D5C2610FE050009D439 /* LaunchScreen.storyboard in Resources */,
				53106D592610FE050009D439 /* Assets.xcassets in Resources */,
				53106D572610FE030009D439 /* Main.storyboard in Resources */,
			);
			runOnlyForDeploymentPostprocessing = 0;
		};
		53106D602610FE050009D439 /* Resources */ = {
			isa = PBXResourcesBuildPhase;
			buildActionMask = 2147483647;
			files = (
			);
			runOnlyForDeploymentPostprocessing = 0;
		};
		53106D6B2610FE050009D439 /* Resources */ = {
			isa = PBXResourcesBuildPhase;
			buildActionMask = 2147483647;
			files = (
			);
			runOnlyForDeploymentPostprocessing = 0;
		};
/* End PBXResourcesBuildPhase section */

/* Begin PBXShellScriptBuildPhase section */
		1FBBE5F6594DFA474B674038 /* [CP] Check Pods Manifest.lock */ = {
			isa = PBXShellScriptBuildPhase;
			buildActionMask = 2147483647;
			files = (
			);
			inputFileListPaths = (
			);
			inputPaths = (
				"${PODS_PODFILE_DIR_PATH}/Podfile.lock",
				"${PODS_ROOT}/Manifest.lock",
			);
			name = "[CP] Check Pods Manifest.lock";
			outputFileListPaths = (
			);
			outputPaths = (
				"$(DERIVED_FILE_DIR)/Pods-GreenScreen-GreenScreenUITests-checkManifestLockResult.txt",
			);
			runOnlyForDeploymentPostprocessing = 0;
			shellPath = /bin/sh;
			shellScript = "diff \"${PODS_PODFILE_DIR_PATH}/Podfile.lock\" \"${PODS_ROOT}/Manifest.lock\" > /dev/null\nif [ $? != 0 ] ; then\n    # print error to STDERR\n    echo \"error: The sandbox is not in sync with the Podfile.lock. Run 'pod install' or update your CocoaPods installation.\" >&2\n    exit 1\nfi\n# This output is used by Xcode 'outputs' to avoid re-running this script phase.\necho \"SUCCESS\" > \"${SCRIPT_OUTPUT_FILE_0}\"\n";
			showEnvVarsInLog = 0;
		};
		3881604506CDF091671F293A /* [CP] Embed Pods Frameworks */ = {
			isa = PBXShellScriptBuildPhase;
			buildActionMask = 2147483647;
			files = (
			);
			inputFileListPaths = (
				"${PODS_ROOT}/Target Support Files/Pods-GreenScreen/Pods-GreenScreen-frameworks-${CONFIGURATION}-input-files.xcfilelist",
			);
			name = "[CP] Embed Pods Frameworks";
			outputFileListPaths = (
				"${PODS_ROOT}/Target Support Files/Pods-GreenScreen/Pods-GreenScreen-frameworks-${CONFIGURATION}-output-files.xcfilelist",
			);
			runOnlyForDeploymentPostprocessing = 0;
			shellPath = /bin/sh;
			shellScript = "\"${PODS_ROOT}/Target Support Files/Pods-GreenScreen/Pods-GreenScreen-frameworks.sh\"\n";
			showEnvVarsInLog = 0;
		};
		7E03AAD77EE46C4B7505B085 /* [CP] Embed Pods Frameworks */ = {
			isa = PBXShellScriptBuildPhase;
			buildActionMask = 2147483647;
			files = (
			);
			inputFileListPaths = (
				"${PODS_ROOT}/Target Support Files/Pods-GreenScreen-GreenScreenUITests/Pods-GreenScreen-GreenScreenUITests-frameworks-${CONFIGURATION}-input-files.xcfilelist",
			);
			name = "[CP] Embed Pods Frameworks";
			outputFileListPaths = (
				"${PODS_ROOT}/Target Support Files/Pods-GreenScreen-GreenScreenUITests/Pods-GreenScreen-GreenScreenUITests-frameworks-${CONFIGURATION}-output-files.xcfilelist",
			);
			runOnlyForDeploymentPostprocessing = 0;
			shellPath = /bin/sh;
			shellScript = "\"${PODS_ROOT}/Target Support Files/Pods-GreenScreen-GreenScreenUITests/Pods-GreenScreen-GreenScreenUITests-frameworks.sh\"\n";
			showEnvVarsInLog = 0;
		};
		BD5C70EE5ED5B4FCF47CE38B /* [CP] Check Pods Manifest.lock */ = {
			isa = PBXShellScriptBuildPhase;
			buildActionMask = 2147483647;
			files = (
			);
			inputFileListPaths = (
			);
			inputPaths = (
				"${PODS_PODFILE_DIR_PATH}/Podfile.lock",
				"${PODS_ROOT}/Manifest.lock",
			);
			name = "[CP] Check Pods Manifest.lock";
			outputFileListPaths = (
			);
			outputPaths = (
				"$(DERIVED_FILE_DIR)/Pods-GreenScreenTests-checkManifestLockResult.txt",
			);
			runOnlyForDeploymentPostprocessing = 0;
			shellPath = /bin/sh;
			shellScript = "diff \"${PODS_PODFILE_DIR_PATH}/Podfile.lock\" \"${PODS_ROOT}/Manifest.lock\" > /dev/null\nif [ $? != 0 ] ; then\n    # print error to STDERR\n    echo \"error: The sandbox is not in sync with the Podfile.lock. Run 'pod install' or update your CocoaPods installation.\" >&2\n    exit 1\nfi\n# This output is used by Xcode 'outputs' to avoid re-running this script phase.\necho \"SUCCESS\" > \"${SCRIPT_OUTPUT_FILE_0}\"\n";
			showEnvVarsInLog = 0;
		};
		CF18CEB432020D0D196189BF /* [CP] Check Pods Manifest.lock */ = {
			isa = PBXShellScriptBuildPhase;
			buildActionMask = 2147483647;
			files = (
			);
			inputFileListPaths = (
			);
			inputPaths = (
				"${PODS_PODFILE_DIR_PATH}/Podfile.lock",
				"${PODS_ROOT}/Manifest.lock",
			);
			name = "[CP] Check Pods Manifest.lock";
			outputFileListPaths = (
			);
			outputPaths = (
				"$(DERIVED_FILE_DIR)/Pods-GreenScreen-checkManifestLockResult.txt",
			);
			runOnlyForDeploymentPostprocessing = 0;
			shellPath = /bin/sh;
			shellScript = "diff \"${PODS_PODFILE_DIR_PATH}/Podfile.lock\" \"${PODS_ROOT}/Manifest.lock\" > /dev/null\nif [ $? != 0 ] ; then\n    # print error to STDERR\n    echo \"error: The sandbox is not in sync with the Podfile.lock. Run 'pod install' or update your CocoaPods installation.\" >&2\n    exit 1\nfi\n# This output is used by Xcode 'outputs' to avoid re-running this script phase.\necho \"SUCCESS\" > \"${SCRIPT_OUTPUT_FILE_0}\"\n";
			showEnvVarsInLog = 0;
		};
/* End PBXShellScriptBuildPhase section */

/* Begin PBXSourcesBuildPhase section */
		53106D482610FE030009D439 /* Sources */ = {
			isa = PBXSourcesBuildPhase;
			buildActionMask = 2147483647;
			files = (
				8BA367112623C9AF008F9D37 /* TimerViewController.swift in Sources */,
				53669D8C2618F47B003EF161 /* LoginViewController.swift in Sources */,
				8B2EAF062622321D00CD01A9 /* iOSDevCenters+GIF.swift in Sources */,
				8B2EAF122623826D00CD01A9 /* helper.swift in Sources */,
				53106D502610FE030009D439 /* AppDelegate.swift in Sources */,
				76F05C322620CCDA00CBC484 /* ChangeProfileViewController.swift in Sources */,
				53669D912618F497003EF161 /* FeedViewController.swift in Sources */,
				76F05C372620CCE600CBC484 /* AddFriendsViewController.swift in Sources */,
				7670CF96261A2DBF00681B2F /* SettingsViewController.swift in Sources */,
				53106D522610FE030009D439 /* SceneDelegate.swift in Sources */,
			);
			runOnlyForDeploymentPostprocessing = 0;
		};
		53106D5E2610FE050009D439 /* Sources */ = {
			isa = PBXSourcesBuildPhase;
			buildActionMask = 2147483647;
			files = (
				53106D672610FE050009D439 /* GreenScreenTests.swift in Sources */,
			);
			runOnlyForDeploymentPostprocessing = 0;
		};
		53106D692610FE050009D439 /* Sources */ = {
			isa = PBXSourcesBuildPhase;
			buildActionMask = 2147483647;
			files = (
				53106D722610FE050009D439 /* GreenScreenUITests.swift in Sources */,
			);
			runOnlyForDeploymentPostprocessing = 0;
		};
/* End PBXSourcesBuildPhase section */

/* Begin PBXTargetDependency section */
		53106D642610FE050009D439 /* PBXTargetDependency */ = {
			isa = PBXTargetDependency;
			target = 53106D4B2610FE030009D439 /* GreenScreen */;
			targetProxy = 53106D632610FE050009D439 /* PBXContainerItemProxy */;
		};
		53106D6F2610FE050009D439 /* PBXTargetDependency */ = {
			isa = PBXTargetDependency;
			target = 53106D4B2610FE030009D439 /* GreenScreen */;
			targetProxy = 53106D6E2610FE050009D439 /* PBXContainerItemProxy */;
		};
/* End PBXTargetDependency section */

/* Begin PBXVariantGroup section */
		53106D552610FE030009D439 /* Main.storyboard */ = {
			isa = PBXVariantGroup;
			children = (
				53106D562610FE030009D439 /* Base */,
			);
			name = Main.storyboard;
			sourceTree = "<group>";
		};
		53106D5A2610FE050009D439 /* LaunchScreen.storyboard */ = {
			isa = PBXVariantGroup;
			children = (
				53106D5B2610FE050009D439 /* Base */,
			);
			name = LaunchScreen.storyboard;
			sourceTree = "<group>";
		};
/* End PBXVariantGroup section */

/* Begin XCBuildConfiguration section */
		53106D742610FE050009D439 /* Debug */ = {
			isa = XCBuildConfiguration;
			buildSettings = {
				ALWAYS_SEARCH_USER_PATHS = NO;
				CLANG_ANALYZER_NONNULL = YES;
				CLANG_ANALYZER_NUMBER_OBJECT_CONVERSION = YES_AGGRESSIVE;
				CLANG_CXX_LANGUAGE_STANDARD = "gnu++14";
				CLANG_CXX_LIBRARY = "libc++";
				CLANG_ENABLE_MODULES = YES;
				CLANG_ENABLE_OBJC_ARC = YES;
				CLANG_ENABLE_OBJC_WEAK = YES;
				CLANG_WARN_BLOCK_CAPTURE_AUTORELEASING = YES;
				CLANG_WARN_BOOL_CONVERSION = YES;
				CLANG_WARN_COMMA = YES;
				CLANG_WARN_CONSTANT_CONVERSION = YES;
				CLANG_WARN_DEPRECATED_OBJC_IMPLEMENTATIONS = YES;
				CLANG_WARN_DIRECT_OBJC_ISA_USAGE = YES_ERROR;
				CLANG_WARN_DOCUMENTATION_COMMENTS = YES;
				CLANG_WARN_EMPTY_BODY = YES;
				CLANG_WARN_ENUM_CONVERSION = YES;
				CLANG_WARN_INFINITE_RECURSION = YES;
				CLANG_WARN_INT_CONVERSION = YES;
				CLANG_WARN_NON_LITERAL_NULL_CONVERSION = YES;
				CLANG_WARN_OBJC_IMPLICIT_RETAIN_SELF = YES;
				CLANG_WARN_OBJC_LITERAL_CONVERSION = YES;
				CLANG_WARN_OBJC_ROOT_CLASS = YES_ERROR;
				CLANG_WARN_QUOTED_INCLUDE_IN_FRAMEWORK_HEADER = YES;
				CLANG_WARN_RANGE_LOOP_ANALYSIS = YES;
				CLANG_WARN_STRICT_PROTOTYPES = YES;
				CLANG_WARN_SUSPICIOUS_MOVE = YES;
				CLANG_WARN_UNGUARDED_AVAILABILITY = YES_AGGRESSIVE;
				CLANG_WARN_UNREACHABLE_CODE = YES;
				CLANG_WARN__DUPLICATE_METHOD_MATCH = YES;
				COPY_PHASE_STRIP = NO;
				DEBUG_INFORMATION_FORMAT = dwarf;
				ENABLE_STRICT_OBJC_MSGSEND = YES;
				ENABLE_TESTABILITY = YES;
				GCC_C_LANGUAGE_STANDARD = gnu11;
				GCC_DYNAMIC_NO_PIC = NO;
				GCC_NO_COMMON_BLOCKS = YES;
				GCC_OPTIMIZATION_LEVEL = 0;
				GCC_PREPROCESSOR_DEFINITIONS = (
					"DEBUG=1",
					"$(inherited)",
				);
				GCC_WARN_64_TO_32_BIT_CONVERSION = YES;
				GCC_WARN_ABOUT_RETURN_TYPE = YES_ERROR;
				GCC_WARN_UNDECLARED_SELECTOR = YES;
				GCC_WARN_UNINITIALIZED_AUTOS = YES_AGGRESSIVE;
				GCC_WARN_UNUSED_FUNCTION = YES;
				GCC_WARN_UNUSED_VARIABLE = YES;
				IPHONEOS_DEPLOYMENT_TARGET = 14.4;
				MTL_ENABLE_DEBUG_INFO = INCLUDE_SOURCE;
				MTL_FAST_MATH = YES;
				ONLY_ACTIVE_ARCH = YES;
				SDKROOT = iphoneos;
				SWIFT_ACTIVE_COMPILATION_CONDITIONS = DEBUG;
				SWIFT_OPTIMIZATION_LEVEL = "-Onone";
			};
			name = Debug;
		};
		53106D752610FE050009D439 /* Release */ = {
			isa = XCBuildConfiguration;
			buildSettings = {
				ALWAYS_SEARCH_USER_PATHS = NO;
				CLANG_ANALYZER_NONNULL = YES;
				CLANG_ANALYZER_NUMBER_OBJECT_CONVERSION = YES_AGGRESSIVE;
				CLANG_CXX_LANGUAGE_STANDARD = "gnu++14";
				CLANG_CXX_LIBRARY = "libc++";
				CLANG_ENABLE_MODULES = YES;
				CLANG_ENABLE_OBJC_ARC = YES;
				CLANG_ENABLE_OBJC_WEAK = YES;
				CLANG_WARN_BLOCK_CAPTURE_AUTORELEASING = YES;
				CLANG_WARN_BOOL_CONVERSION = YES;
				CLANG_WARN_COMMA = YES;
				CLANG_WARN_CONSTANT_CONVERSION = YES;
				CLANG_WARN_DEPRECATED_OBJC_IMPLEMENTATIONS = YES;
				CLANG_WARN_DIRECT_OBJC_ISA_USAGE = YES_ERROR;
				CLANG_WARN_DOCUMENTATION_COMMENTS = YES;
				CLANG_WARN_EMPTY_BODY = YES;
				CLANG_WARN_ENUM_CONVERSION = YES;
				CLANG_WARN_INFINITE_RECURSION = YES;
				CLANG_WARN_INT_CONVERSION = YES;
				CLANG_WARN_NON_LITERAL_NULL_CONVERSION = YES;
				CLANG_WARN_OBJC_IMPLICIT_RETAIN_SELF = YES;
				CLANG_WARN_OBJC_LITERAL_CONVERSION = YES;
				CLANG_WARN_OBJC_ROOT_CLASS = YES_ERROR;
				CLANG_WARN_QUOTED_INCLUDE_IN_FRAMEWORK_HEADER = YES;
				CLANG_WARN_RANGE_LOOP_ANALYSIS = YES;
				CLANG_WARN_STRICT_PROTOTYPES = YES;
				CLANG_WARN_SUSPICIOUS_MOVE = YES;
				CLANG_WARN_UNGUARDED_AVAILABILITY = YES_AGGRESSIVE;
				CLANG_WARN_UNREACHABLE_CODE = YES;
				CLANG_WARN__DUPLICATE_METHOD_MATCH = YES;
				COPY_PHASE_STRIP = NO;
				DEBUG_INFORMATION_FORMAT = "dwarf-with-dsym";
				ENABLE_NS_ASSERTIONS = NO;
				ENABLE_STRICT_OBJC_MSGSEND = YES;
				GCC_C_LANGUAGE_STANDARD = gnu11;
				GCC_NO_COMMON_BLOCKS = YES;
				GCC_WARN_64_TO_32_BIT_CONVERSION = YES;
				GCC_WARN_ABOUT_RETURN_TYPE = YES_ERROR;
				GCC_WARN_UNDECLARED_SELECTOR = YES;
				GCC_WARN_UNINITIALIZED_AUTOS = YES_AGGRESSIVE;
				GCC_WARN_UNUSED_FUNCTION = YES;
				GCC_WARN_UNUSED_VARIABLE = YES;
				IPHONEOS_DEPLOYMENT_TARGET = 14.4;
				MTL_ENABLE_DEBUG_INFO = NO;
				MTL_FAST_MATH = YES;
				SDKROOT = iphoneos;
				SWIFT_COMPILATION_MODE = wholemodule;
				SWIFT_OPTIMIZATION_LEVEL = "-O";
				VALIDATE_PRODUCT = YES;
			};
			name = Release;
		};
		53106D772610FE050009D439 /* Debug */ = {
			isa = XCBuildConfiguration;
			baseConfigurationReference = 8517A031ED7E9BD2E3C4C43D /* Pods-GreenScreen.debug.xcconfig */;
			buildSettings = {
				ASSETCATALOG_COMPILER_APPICON_NAME = AppIcon;
				ASSETCATALOG_COMPILER_GLOBAL_ACCENT_COLOR_NAME = AccentColor;
				CODE_SIGN_STYLE = Automatic;
				INFOPLIST_FILE = GreenScreen/Info.plist;
				LD_RUNPATH_SEARCH_PATHS = (
					"$(inherited)",
					"@executable_path/Frameworks",
				);
				PRODUCT_BUNDLE_IDENTIFIER = codepath.GreenScreen;
				PRODUCT_NAME = "$(TARGET_NAME)";
				SWIFT_VERSION = 5.0;
				TARGETED_DEVICE_FAMILY = "1,2";
			};
			name = Debug;
		};
		53106D782610FE050009D439 /* Release */ = {
			isa = XCBuildConfiguration;
			baseConfigurationReference = 238073A4EFA58E73B4C7FDB1 /* Pods-GreenScreen.release.xcconfig */;
			buildSettings = {
				ASSETCATALOG_COMPILER_APPICON_NAME = AppIcon;
				ASSETCATALOG_COMPILER_GLOBAL_ACCENT_COLOR_NAME = AccentColor;
				CODE_SIGN_STYLE = Automatic;
				INFOPLIST_FILE = GreenScreen/Info.plist;
				LD_RUNPATH_SEARCH_PATHS = (
					"$(inherited)",
					"@executable_path/Frameworks",
				);
				PRODUCT_BUNDLE_IDENTIFIER = codepath.GreenScreen;
				PRODUCT_NAME = "$(TARGET_NAME)";
				SWIFT_VERSION = 5.0;
				TARGETED_DEVICE_FAMILY = "1,2";
			};
			name = Release;
		};
		53106D7A2610FE050009D439 /* Debug */ = {
			isa = XCBuildConfiguration;
			baseConfigurationReference = C94A488CB5FB6C70896926DA /* Pods-GreenScreenTests.debug.xcconfig */;
			buildSettings = {
				ALWAYS_EMBED_SWIFT_STANDARD_LIBRARIES = YES;
				BUNDLE_LOADER = "$(TEST_HOST)";
				CODE_SIGN_STYLE = Automatic;
				INFOPLIST_FILE = GreenScreenTests/Info.plist;
				IPHONEOS_DEPLOYMENT_TARGET = 14.4;
				LD_RUNPATH_SEARCH_PATHS = (
					"$(inherited)",
					"@executable_path/Frameworks",
					"@loader_path/Frameworks",
				);
				PRODUCT_BUNDLE_IDENTIFIER = codepath.GreenScreenTests;
				PRODUCT_NAME = "$(TARGET_NAME)";
				SWIFT_VERSION = 5.0;
				TARGETED_DEVICE_FAMILY = "1,2";
				TEST_HOST = "$(BUILT_PRODUCTS_DIR)/GreenScreen.app/GreenScreen";
			};
			name = Debug;
		};
		53106D7B2610FE050009D439 /* Release */ = {
			isa = XCBuildConfiguration;
			baseConfigurationReference = 90FDCFC62BB64F3A7DE1AB12 /* Pods-GreenScreenTests.release.xcconfig */;
			buildSettings = {
				ALWAYS_EMBED_SWIFT_STANDARD_LIBRARIES = YES;
				BUNDLE_LOADER = "$(TEST_HOST)";
				CODE_SIGN_STYLE = Automatic;
				INFOPLIST_FILE = GreenScreenTests/Info.plist;
				IPHONEOS_DEPLOYMENT_TARGET = 14.4;
				LD_RUNPATH_SEARCH_PATHS = (
					"$(inherited)",
					"@executable_path/Frameworks",
					"@loader_path/Frameworks",
				);
				PRODUCT_BUNDLE_IDENTIFIER = codepath.GreenScreenTests;
				PRODUCT_NAME = "$(TARGET_NAME)";
				SWIFT_VERSION = 5.0;
				TARGETED_DEVICE_FAMILY = "1,2";
				TEST_HOST = "$(BUILT_PRODUCTS_DIR)/GreenScreen.app/GreenScreen";
			};
			name = Release;
		};
		53106D7D2610FE050009D439 /* Debug */ = {
			isa = XCBuildConfiguration;
			baseConfigurationReference = C2994E5B059E30F0745CCB24 /* Pods-GreenScreen-GreenScreenUITests.debug.xcconfig */;
			buildSettings = {
				ALWAYS_EMBED_SWIFT_STANDARD_LIBRARIES = YES;
				CODE_SIGN_STYLE = Automatic;
				INFOPLIST_FILE = GreenScreenUITests/Info.plist;
				LD_RUNPATH_SEARCH_PATHS = (
					"$(inherited)",
					"@executable_path/Frameworks",
					"@loader_path/Frameworks",
				);
				PRODUCT_BUNDLE_IDENTIFIER = codepath.GreenScreenUITests;
				PRODUCT_NAME = "$(TARGET_NAME)";
				SWIFT_VERSION = 5.0;
				TARGETED_DEVICE_FAMILY = "1,2";
				TEST_TARGET_NAME = GreenScreen;
			};
			name = Debug;
		};
		53106D7E2610FE050009D439 /* Release */ = {
			isa = XCBuildConfiguration;
			baseConfigurationReference = D841E4DE4354E58A7B9419D6 /* Pods-GreenScreen-GreenScreenUITests.release.xcconfig */;
			buildSettings = {
				ALWAYS_EMBED_SWIFT_STANDARD_LIBRARIES = YES;
				CODE_SIGN_STYLE = Automatic;
				INFOPLIST_FILE = GreenScreenUITests/Info.plist;
				LD_RUNPATH_SEARCH_PATHS = (
					"$(inherited)",
					"@executable_path/Frameworks",
					"@loader_path/Frameworks",
				);
				PRODUCT_BUNDLE_IDENTIFIER = codepath.GreenScreenUITests;
				PRODUCT_NAME = "$(TARGET_NAME)";
				SWIFT_VERSION = 5.0;
				TARGETED_DEVICE_FAMILY = "1,2";
				TEST_TARGET_NAME = GreenScreen;
			};
			name = Release;
		};
/* End XCBuildConfiguration section */

/* Begin XCConfigurationList section */
		53106D472610FE030009D439 /* Build configuration list for PBXProject "GreenScreen" */ = {
			isa = XCConfigurationList;
			buildConfigurations = (
				53106D742610FE050009D439 /* Debug */,
				53106D752610FE050009D439 /* Release */,
			);
			defaultConfigurationIsVisible = 0;
			defaultConfigurationName = Release;
		};
		53106D762610FE050009D439 /* Build configuration list for PBXNativeTarget "GreenScreen" */ = {
			isa = XCConfigurationList;
			buildConfigurations = (
				53106D772610FE050009D439 /* Debug */,
				53106D782610FE050009D439 /* Release */,
			);
			defaultConfigurationIsVisible = 0;
			defaultConfigurationName = Release;
		};
		53106D792610FE050009D439 /* Build configuration list for PBXNativeTarget "GreenScreenTests" */ = {
			isa = XCConfigurationList;
			buildConfigurations = (
				53106D7A2610FE050009D439 /* Debug */,
				53106D7B2610FE050009D439 /* Release */,
			);
			defaultConfigurationIsVisible = 0;
			defaultConfigurationName = Release;
		};
		53106D7C2610FE050009D439 /* Build configuration list for PBXNativeTarget "GreenScreenUITests" */ = {
			isa = XCConfigurationList;
			buildConfigurations = (
				53106D7D2610FE050009D439 /* Debug */,
				53106D7E2610FE050009D439 /* Release */,
			);
			defaultConfigurationIsVisible = 0;
			defaultConfigurationName = Release;
		};
/* End XCConfigurationList section */
	};
	rootObject = 53106D442610FE030009D439 /* Project object */;
}
